
Microsoft Visual Studio Solution File, Format Version 12.00
# Visual Studio Version 17
VisualStudioVersion = 17.10.35122.118
MinimumVisualStudioVersion = 10.0.40219.1
Project("{FAE04EC0-301F-11D3-BF4B-00C04F79EFBC}") = "SalesSystem", "SalesSystem.csproj", "{47A68DDE-42AC-4739-84D2-6ACC13C89D19}"
EndProject
Global
	GlobalSection(SolutionConfigurationPlatforms) = preSolution
		Debug|Any CPU = Debug|Any CPU
		Release|Any CPU = Release|Any CPU
	EndGlobalSection
	GlobalSection(ProjectConfigurationPlatforms) = postSolution
		{47A68DDE-42AC-4739-84D2-6ACC13C89D19}.Debug|Any CPU.ActiveCfg = Debug|Any CPU
		{47A68DDE-42AC-4739-84D2-6ACC13C89D19}.Debug|Any CPU.Build.0 = Debug|Any CPU
		{47A68DDE-42AC-4739-84D2-6ACC13C89D19}.Release|Any CPU.ActiveCfg = Release|Any CPU
		{47A68DDE-42AC-4739-84D2-6ACC13C89D19}.Release|Any CPU.Build.0 = Release|Any CPU
	EndGlobalSection
	GlobalSection(SolutionProperties) = preSolution
		HideSolutionNode = FALSE
	EndGlobalSection
	GlobalSection(ExtensibilityGlobals) = postSolution
		SolutionGuid = {6E892225-EC93-4E14-A7BD-17FEFEBC0EF9}
	EndGlobalSection
EndGlobal
